
Microsoft Visual Studio Solution File, Format Version 12.00
# Visual Studio Version 17
VisualStudioVersion = 17.10.34928.147
MinimumVisualStudioVersion = 10.0.40219.1
Project("{FAE04EC0-301F-11D3-BF4B-00C04F79EFBC}") = "MagicLandExplorer", "MagicLandExplorer\MagicLandExplorer.csproj", "{331C11BF-B74A-4796-961D-EE655AFA8750}"
EndProject
Global
	GlobalSection(SolutionConfigurationPlatforms) = preSolution
		Debug|Any CPU = Debug|Any CPU
		Release|Any CPU = Release|Any CPU
	EndGlobalSection
	GlobalSection(ProjectConfigurationPlatforms) = postSolution
		{331C11BF-B74A-4796-961D-EE655AFA8750}.Debug|Any CPU.ActiveCfg = Debug|Any CPU
		{331C11BF-B74A-4796-961D-EE655AFA8750}.Debug|Any CPU.Build.0 = Debug|Any CPU
		{331C11BF-B74A-4796-961D-EE655AFA8750}.Release|Any CPU.ActiveCfg = Release|Any CPU
		{331C11BF-B74A-4796-961D-EE655AFA8750}.Release|Any CPU.Build.0 = Release|Any CPU
	EndGlobalSection
	GlobalSection(SolutionProperties) = preSolution
		HideSolutionNode = FALSE
	EndGlobalSection
	GlobalSection(ExtensibilityGlobals) = postSolution
		SolutionGuid = {637B6082-7F0A-4974-A021-9FBD09FEE4D8}
	EndGlobalSection
EndGlobal
